
Microsoft Visual Studio Solution File, Format Version 12.00
# Visual Studio Version 17
VisualStudioVersion = 17.4.33122.133
MinimumVisualStudioVersion = 10.0.40219.1
Project("{FAE04EC0-301F-11D3-BF4B-00C04F79EFBC}") = "Api", "Api\Api.csproj", "{E43F7B30-E885-410B-BEF1-89EB38E08ECC}"
EndProject
Global
	GlobalSection(SolutionConfigurationPlatforms) = preSolution
		Debug|Any CPU = Debug|Any CPU
		Release|Any CPU = Release|Any CPU
	EndGlobalSection
	GlobalSection(ProjectConfigurationPlatforms) = postSolution
		{E43F7B30-E885-410B-BEF1-89EB38E08ECC}.Debug|Any CPU.ActiveCfg = Debug|Any CPU
		{E43F7B30-E885-410B-BEF1-89EB38E08ECC}.Debug|Any CPU.Build.0 = Debug|Any CPU
		{E43F7B30-E885-410B-BEF1-89EB38E08ECC}.Release|Any CPU.ActiveCfg = Release|Any CPU
		{E43F7B30-E885-410B-BEF1-89EB38E08ECC}.Release|Any CPU.Build.0 = Release|Any CPU
	EndGlobalSection
	GlobalSection(SolutionProperties) = preSolution
		HideSolutionNode = FALSE
	EndGlobalSection
	GlobalSection(ExtensibilityGlobals) = postSolution
		SolutionGuid = {D3355D2D-3ED1-4EEC-B47F-5DB3B53E641C}
	EndGlobalSection
EndGlobal
